// !$*UTF8*$!
{
	archiveVersion = 1;
	classes = {
	};
	objectVersion = 48;
	objects = {

/* Begin PBXBuildFile section */
		511A5A45220EC542008053A0 /* PlatformKit.framework in Frameworks */ = {isa = PBXBuildFile; fileRef = 511A5A3E220EC511008053A0 /* PlatformKit.framework */; };
		519C148120790FA400D49F89 /* AppDelegate.m in Sources */ = {isa = PBXBuildFile; fileRef = 519C148020790FA400D49F89 /* AppDelegate.m */; };
		519C148420790FA400D49F89 /* ViewController.m in Sources */ = {isa = PBXBuildFile; fileRef = 519C148320790FA400D49F89 /* ViewController.m */; };
		519C148720790FA400D49F89 /* Main.storyboard in Resources */ = {isa = PBXBuildFile; fileRef = 519C148520790FA400D49F89 /* Main.storyboard */; };
		519C148920790FA400D49F89 /* Assets.xcassets in Resources */ = {isa = PBXBuildFile; fileRef = 519C148820790FA400D49F89 /* Assets.xcassets */; };
		519C148C20790FA400D49F89 /* LaunchScreen.storyboard in Resources */ = {isa = PBXBuildFile; fileRef = 519C148A20790FA400D49F89 /* LaunchScreen.storyboard */; };
		519C148F20790FA400D49F89 /* main.m in Sources */ = {isa = PBXBuildFile; fileRef = 519C148E20790FA400D49F89 /* main.m */; };
		519C14D02079155C00D49F89 /* CoderHome.framework in Frameworks */ = {isa = PBXBuildFile; fileRef = 519C14CA2079150B00D49F89 /* CoderHome.framework */; };
		519C14D12079155F00D49F89 /* CoderLogin.framework in Frameworks */ = {isa = PBXBuildFile; fileRef = 519C14C4207914DD00D49F89 /* CoderLogin.framework */; };
/* End PBXBuildFile section */

/* Begin PBXContainerItemProxy section */
		511A5A3D220EC511008053A0 /* PBXContainerItemProxy */ = {
			isa = PBXContainerItemProxy;
			containerPortal = 511A5A39220EC511008053A0 /* PlatformKit.xcodeproj */;
			proxyType = 2;
			remoteGlobalIDString = 511A5A2E220EC4FA008053A0;
			remoteInfo = PlatformKit;
		};
		511A5A43220EC537008053A0 /* PBXContainerItemProxy */ = {
			isa = PBXContainerItemProxy;
			containerPortal = 511A5A39220EC511008053A0 /* PlatformKit.xcodeproj */;
			proxyType = 1;
			remoteGlobalIDString = 511A5A2D220EC4FA008053A0;
			remoteInfo = PlatformKit;
		};
		519C14C3207914DD00D49F89 /* PBXContainerItemProxy */ = {
			isa = PBXContainerItemProxy;
			containerPortal = 519C14BF207914DC00D49F89 /* CoderLogin.xcodeproj */;
			proxyType = 2;
			remoteGlobalIDString = 519C149F2079133C00D49F89;
			remoteInfo = CoderLogin;
		};
		519C14C92079150B00D49F89 /* PBXContainerItemProxy */ = {
			isa = PBXContainerItemProxy;
			containerPortal = 519C14C52079150A00D49F89 /* CoderHome.xcodeproj */;
			proxyType = 2;
			remoteGlobalIDString = 519C14B42079139300D49F89;
			remoteInfo = CoderHome;
		};
		519C14CB2079155500D49F89 /* PBXContainerItemProxy */ = {
			isa = PBXContainerItemProxy;
			containerPortal = 519C14C52079150A00D49F89 /* CoderHome.xcodeproj */;
			proxyType = 1;
			remoteGlobalIDString = 519C14B32079139300D49F89;
			remoteInfo = CoderHome;
		};
		519C14CD2079155800D49F89 /* PBXContainerItemProxy */ = {
			isa = PBXContainerItemProxy;
			containerPortal = 519C14BF207914DC00D49F89 /* CoderLogin.xcodeproj */;
			proxyType = 1;
			remoteGlobalIDString = 519C149E2079133C00D49F89;
			remoteInfo = CoderLogin;
		};
/* End PBXContainerItemProxy section */

/* Begin PBXFileReference section */
		511A5A39220EC511008053A0 /* PlatformKit.xcodeproj */ = {isa = PBXFileReference; lastKnownFileType = "wrapper.pb-project"; name = PlatformKit.xcodeproj; path = PlatformKit/PlatformKit.xcodeproj; sourceTree = "<group>"; };
		519C147C20790FA400D49F89 /* MutableCoder.app */ = {isa = PBXFileReference; explicitFileType = wrapper.application; includeInIndex = 0; path = MutableCoder.app; sourceTree = BUILT_PRODUCTS_DIR; };
		519C147F20790FA400D49F89 /* AppDelegate.h */ = {isa = PBXFileReference; lastKnownFileType = sourcecode.c.h; path = AppDelegate.h; sourceTree = "<group>"; };
		519C148020790FA400D49F89 /* AppDelegate.m */ = {isa = PBXFileReference; lastKnownFileType = sourcecode.c.objc; path = AppDelegate.m; sourceTree = "<group>"; };
		519C148220790FA400D49F89 /* ViewController.h */ = {isa = PBXFileReference; lastKnownFileType = sourcecode.c.h; path = ViewController.h; sourceTree = "<group>"; };
		519C148320790FA400D49F89 /* ViewController.m */ = {isa = PBXFileReference; lastKnownFileType = sourcecode.c.objc; path = ViewController.m; sourceTree = "<group>"; };
		519C148620790FA400D49F89 /* Base */ = {isa = PBXFileReference; lastKnownFileType = file.storyboard; name = Base; path = Base.lproj/Main.storyboard; sourceTree = "<group>"; };
		519C148820790FA400D49F89 /* Assets.xcassets */ = {isa = PBXFileReference; lastKnownFileType = folder.assetcatalog; path = Assets.xcassets; sourceTree = "<group>"; };
		519C148B20790FA400D49F89 /* Base */ = {isa = PBXFileReference; lastKnownFileType = file.storyboard; name = Base; path = Base.lproj/LaunchScreen.storyboard; sourceTree = "<group>"; };
		519C148D20790FA400D49F89 /* Info.plist */ = {isa = PBXFileReference; lastKnownFileType = text.plist.xml; path = Info.plist; sourceTree = "<group>"; };
		519C148E20790FA400D49F89 /* main.m */ = {isa = PBXFileReference; lastKnownFileType = sourcecode.c.objc; path = main.m; sourceTree = "<group>"; };
		519C14BF207914DC00D49F89 /* CoderLogin.xcodeproj */ = {isa = PBXFileReference; lastKnownFileType = "wrapper.pb-project"; name = CoderLogin.xcodeproj; path = CoderLogin/CoderLogin.xcodeproj; sourceTree = "<group>"; };
		519C14C52079150A00D49F89 /* CoderHome.xcodeproj */ = {isa = PBXFileReference; lastKnownFileType = "wrapper.pb-project"; name = CoderHome.xcodeproj; path = CoderHome/CoderHome.xcodeproj; sourceTree = "<group>"; };
/* End PBXFileReference section */

/* Begin PBXFrameworksBuildPhase section */
		519C147920790FA400D49F89 /* Frameworks */ = {
			isa = PBXFrameworksBuildPhase;
			buildActionMask = 2147483647;
			files = (
				511A5A45220EC542008053A0 /* PlatformKit.framework in Frameworks */,
				519C14D12079155F00D49F89 /* CoderLogin.framework in Frameworks */,
				519C14D02079155C00D49F89 /* CoderHome.framework in Frameworks */,
			);
			runOnlyForDeploymentPostprocessing = 0;
		};
/* End PBXFrameworksBuildPhase section */

/* Begin PBXGroup section */
		511A5A3A220EC511008053A0 /* Products */ = {
			isa = PBXGroup;
			children = (
				511A5A3E220EC511008053A0 /* PlatformKit.framework */,
			);
			name = Products;
			sourceTree = "<group>";
		};
		519C147320790FA400D49F89 = {
			isa = PBXGroup;
			children = (
				511A5A39220EC511008053A0 /* PlatformKit.xcodeproj */,
				519C14C52079150A00D49F89 /* CoderHome.xcodeproj */,
				519C14BF207914DC00D49F89 /* CoderLogin.xcodeproj */,
				519C147E20790FA400D49F89 /* MutableCoder */,
				519C147D20790FA400D49F89 /* Products */,
				519C14CF2079155C00D49F89 /* Frameworks */,
			);
			sourceTree = "<group>";
		};
		519C147D20790FA400D49F89 /* Products */ = {
			isa = PBXGroup;
			children = (
				519C147C20790FA400D49F89 /* MutableCoder.app */,
			);
			name = Products;
			sourceTree = "<group>";
		};
		519C147E20790FA400D49F89 /* MutableCoder */ = {
			isa = PBXGroup;
			children = (
				519C147F20790FA400D49F89 /* AppDelegate.h */,
				519C148020790FA400D49F89 /* AppDelegate.m */,
				519C148220790FA400D49F89 /* ViewController.h */,
				519C148320790FA400D49F89 /* ViewController.m */,
				519C148520790FA400D49F89 /* Main.storyboard */,
				519C148820790FA400D49F89 /* Assets.xcassets */,
				519C148A20790FA400D49F89 /* LaunchScreen.storyboard */,
				519C148D20790FA400D49F89 /* Info.plist */,
				519C148E20790FA400D49F89 /* main.m */,
			);
			path = MutableCoder;
			sourceTree = "<group>";
		};
		519C14C0207914DC00D49F89 /* Products */ = {
			isa = PBXGroup;
			children = (
				519C14C4207914DD00D49F89 /* CoderLogin.framework */,
			);
			name = Products;
			sourceTree = "<group>";
		};
		519C14C62079150A00D49F89 /* Products */ = {
			isa = PBXGroup;
			children = (
				519C14CA2079150B00D49F89 /* CoderHome.framework */,
			);
			name = Products;
			sourceTree = "<group>";
		};
		519C14CF2079155C00D49F89 /* Frameworks */ = {
			isa = PBXGroup;
			children = (
			);
			name = Frameworks;
			sourceTree = "<group>";
		};
/* End PBXGroup section */

/* Begin PBXNativeTarget section */
		519C147B20790FA400D49F89 /* MutableCoder */ = {
			isa = PBXNativeTarget;
			buildConfigurationList = 519C149220790FA400D49F89 /* Build configuration list for PBXNativeTarget "MutableCoder" */;
			buildPhases = (
				519C147820790FA400D49F89 /* Sources */,
				519C147920790FA400D49F89 /* Frameworks */,
				519C147A20790FA400D49F89 /* Resources */,
			);
			buildRules = (
			);
			dependencies = (
				511A5A44220EC537008053A0 /* PBXTargetDependency */,
				519C14CE2079155800D49F89 /* PBXTargetDependency */,
				519C14CC2079155500D49F89 /* PBXTargetDependency */,
			);
			name = MutableCoder;
			productName = MutableCoder;
			productReference = 519C147C20790FA400D49F89 /* MutableCoder.app */;
			productType = "com.apple.product-type.application";
		};
/* End PBXNativeTarget section */

/* Begin PBXProject section */
		519C147420790FA400D49F89 /* Project object */ = {
			isa = PBXProject;
			attributes = {
				LastUpgradeCheck = 0920;
				ORGANIZATIONNAME = CoderHG;
				TargetAttributes = {
					519C147B20790FA400D49F89 = {
						CreatedOnToolsVersion = 9.2;
						ProvisioningStyle = Automatic;
					};
				};
			};
			buildConfigurationList = 519C147720790FA400D49F89 /* Build configuration list for PBXProject "MutableCoder" */;
			compatibilityVersion = "Xcode 8.0";
			developmentRegion = en;
			hasScannedForEncodings = 0;
			knownRegions = (
				en,
				Base,
			);
			mainGroup = 519C147320790FA400D49F89;
			productRefGroup = 519C147D20790FA400D49F89 /* Products */;
			projectDirPath = "";
			projectReferences = (
				{
					ProductGroup = 519C14C62079150A00D49F89 /* Products */;
					ProjectRef = 519C14C52079150A00D49F89 /* CoderHome.xcodeproj */;
				},
				{
					ProductGroup = 519C14C0207914DC00D49F89 /* Products */;
					ProjectRef = 519C14BF207914DC00D49F89 /* CoderLogin.xcodeproj */;
				},
				{
					ProductGroup = 511A5A3A220EC511008053A0 /* Products */;
					ProjectRef = 511A5A39220EC511008053A0 /* PlatformKit.xcodeproj */;
				},
			);
			projectRoot = "";
			targets = (
				519C147B20790FA400D49F89 /* MutableCoder */,
			);
		};
/* End PBXProject section */

/* Begin PBXReferenceProxy section */
		511A5A3E220EC511008053A0 /* PlatformKit.framework */ = {
			isa = PBXReferenceProxy;
			fileType = wrapper.framework;
			path = PlatformKit.framework;
			remoteRef = 511A5A3D220EC511008053A0 /* PBXContainerItemProxy */;
			sourceTree = BUILT_PRODUCTS_DIR;
		};
		519C14C4207914DD00D49F89 /* CoderLogin.framework */ = {
			isa = PBXReferenceProxy;
			fileType = wrapper.framework;
			path = CoderLogin.framework;
			remoteRef = 519C14C3207914DD00D49F89 /* PBXContainerItemProxy */;
			sourceTree = BUILT_PRODUCTS_DIR;
		};
		519C14CA2079150B00D49F89 /* CoderHome.framework */ = {
			isa = PBXReferenceProxy;
			fileType = wrapper.framework;
			path = CoderHome.framework;
			remoteRef = 519C14C92079150B00D49F89 /* PBXContainerItemProxy */;
			sourceTree = BUILT_PRODUCTS_DIR;
		};
/* End PBXReferenceProxy section */

/* Begin PBXResourcesBuildPhase section */
		519C147A20790FA400D49F89 /* Resources */ = {
			isa = PBXResourcesBuildPhase;
			buildActionMask = 2147483647;
			files = (
				519C148C20790FA400D49F89 /* LaunchScreen.storyboard in Resources */,
				519C148920790FA400D49F89 /* Assets.xcassets in Resources */,
				519C148720790FA400D49F89 /* Main.storyboard in Resources */,
			);
			runOnlyForDeploymentPostprocessing = 0;
		};
/* End PBXResourcesBuildPhase section */

/* Begin PBXSourcesBuildPhase section */
		519C147820790FA400D49F89 /* Sources */ = {
			isa = PBXSourcesBuildPhase;
			buildActionMask = 2147483647;
			files = (
				519C148420790FA400D49F89 /* ViewController.m in Sources */,
				519C148F20790FA400D49F89 /* main.m in Sources */,
				519C148120790FA400D49F89 /* AppDelegate.m in Sources */,
			);
			runOnlyForDeploymentPostprocessing = 0;
		};
/* End PBXSourcesBuildPhase section */

/* Begin PBXTargetDependency section */
		511A5A44220EC537008053A0 /* PBXTargetDependency */ = {
			isa = PBXTargetDependency;
			name = PlatformKit;
			targetProxy = 511A5A43220EC537008053A0 /* PBXContainerItemProxy */;
		};
		519C14CC2079155500D49F89 /* PBXTargetDependency */ = {
			isa = PBXTargetDependency;
			name = CoderHome;
			targetProxy = 519C14CB2079155500D49F89 /* PBXContainerItemProxy */;
		};
		519C14CE2079155800D49F89 /* PBXTargetDependency */ = {
			isa = PBXTargetDependency;
			name = CoderLogin;
			targetProxy = 519C14CD2079155800D49F89 /* PBXContainerItemProxy */;
		};
/* End PBXTargetDependency section */

/* Begin PBXVariantGroup section */
		519C148520790FA400D49F89 /* Main.storyboard */ = {
			isa = PBXVariantGroup;
			children = (
				519C148620790FA400D49F89 /* Base */,
			);
			name = Main.storyboard;
			sourceTree = "<group>";
		};
		519C148A20790FA400D49F89 /* LaunchScreen.storyboard */ = {
			isa = PBXVariantGroup;
			children = (
				519C148B20790FA400D49F89 /* Base */,
			);
			name = LaunchScreen.storyboard;
			sourceTree = "<group>";
		};
/* End PBXVariantGroup section */

/* Begin XCBuildConfiguration section */
		519C149020790FA400D49F89 /* Debug */ = {
			isa = XCBuildConfiguration;
			buildSettings = {
				ALWAYS_SEARCH_USER_PATHS = NO;
				CLANG_ANALYZER_NONNULL = YES;
				CLANG_ANALYZER_NUMBER_OBJECT_CONVERSION = YES_AGGRESSIVE;
				CLANG_CXX_LANGUAGE_STANDARD = "gnu++14";
				CLANG_CXX_LIBRARY = "libc++";
				CLANG_ENABLE_MODULES = YES;
				CLANG_ENABLE_OBJC_ARC = YES;
				CLANG_WARN_BLOCK_CAPTURE_AUTORELEASING = YES;
				CLANG_WARN_BOOL_CONVERSION = YES;
				CLANG_WARN_COMMA = YES;
				CLANG_WARN_CONSTANT_CONVERSION = YES;
				CLANG_WARN_DIRECT_OBJC_ISA_USAGE = YES_ERROR;
				CLANG_WARN_DOCUMENTATION_COMMENTS = YES;
				CLANG_WARN_EMPTY_BODY = YES;
				CLANG_WARN_ENUM_CONVERSION = YES;
				CLANG_WARN_INFINITE_RECURSION = YES;
				CLANG_WARN_INT_CONVERSION = YES;
				CLANG_WARN_NON_LITERAL_NULL_CONVERSION = YES;
				CLANG_WARN_OBJC_LITERAL_CONVERSION = YES;
				CLANG_WARN_OBJC_ROOT_CLASS = YES_ERROR;
				CLANG_WARN_RANGE_LOOP_ANALYSIS = YES;
				CLANG_WARN_STRICT_PROTOTYPES = YES;
				CLANG_WARN_SUSPICIOUS_MOVE = YES;
				CLANG_WARN_UNGUARDED_AVAILABILITY = YES_AGGRESSIVE;
				CLANG_WARN_UNREACHABLE_CODE = YES;
				CLANG_WARN__DUPLICATE_METHOD_MATCH = YES;
				CODE_SIGN_IDENTITY = "iPhone Developer";
				COPY_PHASE_STRIP = NO;
				DEBUG_INFORMATION_FORMAT = dwarf;
				ENABLE_STRICT_OBJC_MSGSEND = YES;
				ENABLE_TESTABILITY = YES;
				GCC_C_LANGUAGE_STANDARD = gnu11;
				GCC_DYNAMIC_NO_PIC = NO;
				GCC_NO_COMMON_BLOCKS = YES;
				GCC_OPTIMIZATION_LEVEL = 0;
				GCC_PREPROCESSOR_DEFINITIONS = (
					"DEBUG=1",
					"$(inherited)",
				);
				GCC_WARN_64_TO_32_BIT_CONVERSION = YES;
				GCC_WARN_ABOUT_RETURN_TYPE = YES_ERROR;
				GCC_WARN_UNDECLARED_SELECTOR = YES;
				GCC_WARN_UNINITIALIZED_AUTOS = YES_AGGRESSIVE;
				GCC_WARN_UNUSED_FUNCTION = YES;
				GCC_WARN_UNUSED_VARIABLE = YES;
				IPHONEOS_DEPLOYMENT_TARGET = 11.2;
				MTL_ENABLE_DEBUG_INFO = YES;
				ONLY_ACTIVE_ARCH = YES;
				SDKROOT = iphoneos;
			};
			name = Debug;
		};
		519C149120790FA400D49F89 /* Release */ = {
			isa = XCBuildConfiguration;
			buildSettings = {
				ALWAYS_SEARCH_USER_PATHS = NO;
				CLANG_ANALYZER_NONNULL = YES;
				CLANG_ANALYZER_NUMBER_OBJECT_CONVERSION = YES_AGGRESSIVE;
				CLANG_CXX_LANGUAGE_STANDARD = "gnu++14";
				CLANG_CXX_LIBRARY = "libc++";
				CLANG_ENABLE_MODULES = YES;
				CLANG_ENABLE_OBJC_ARC = YES;
				CLANG_WARN_BLOCK_CAPTURE_AUTORELEASING = YES;
				CLANG_WARN_BOOL_CONVERSION = YES;
				CLANG_WARN_COMMA = YES;
				CLANG_WARN_CONSTANT_CONVERSION = YES;
				CLANG_WARN_DIRECT_OBJC_ISA_USAGE = YES_ERROR;
				CLANG_WARN_DOCUMENTATION_COMMENTS = YES;
				CLANG_WARN_EMPTY_BODY = YES;
				CLANG_WARN_ENUM_CONVERSION = YES;
				CLANG_WARN_INFINITE_RECURSION = YES;
				CLANG_WARN_INT_CONVERSION = YES;
				CLANG_WARN_NON_LITERAL_NULL_CONVERSION = YES;
				CLANG_WARN_OBJC_LITERAL_CONVERSION = YES;
				CLANG_WARN_OBJC_ROOT_CLASS = YES_ERROR;
				CLANG_WARN_RANGE_LOOP_ANALYSIS = YES;
				CLANG_WARN_STRICT_PROTOTYPES = YES;
				CLANG_WARN_SUSPICIOUS_MOVE = YES;
				CLANG_WARN_UNGUARDED_AVAILABILITY = YES_AGGRESSIVE;
				CLANG_WARN_UNREACHABLE_CODE = YES;
				CLANG_WARN__DUPLICATE_METHOD_MATCH = YES;
				CODE_SIGN_IDENTITY = "iPhone Developer";
				COPY_PHASE_STRIP = NO;
				DEBUG_INFORMATION_FORMAT = "dwarf-with-dsym";
				ENABLE_NS_ASSERTIONS = NO;
				ENABLE_STRICT_OBJC_MSGSEND = YES;
				GCC_C_LANGUAGE_STANDARD = gnu11;
				GCC_NO_COMMON_BLOCKS = YES;
				GCC_WARN_64_TO_32_BIT_CONVERSION = YES;
				GCC_WARN_ABOUT_RETURN_TYPE = YES_ERROR;
				GCC_WARN_UNDECLARED_SELECTOR = YES;
				GCC_WARN_UNINITIALIZED_AUTOS = YES_AGGRESSIVE;
				GCC_WARN_UNUSED_FUNCTION = YES;
				GCC_WARN_UNUSED_VARIABLE = YES;
				IPHONEOS_DEPLOYMENT_TARGET = 11.2;
				MTL_ENABLE_DEBUG_INFO = NO;
				SDKROOT = iphoneos;
				VALIDATE_PRODUCT = YES;
			};
			name = Release;
		};
		519C149320790FA400D49F89 /* Debug */ = {
			isa = XCBuildConfiguration;
			buildSettings = {
				ASSETCATALOG_COMPILER_APPICON_NAME = AppIcon;
				CODE_SIGN_STYLE = Automatic;
				DEVELOPMENT_TEAM = D8Y5E9ZUX3;
				HEADER_SEARCH_PATHS = "$(SRCROOT)/PlatformKit/PlatformKit/**";
				INFOPLIST_FILE = MutableCoder/Info.plist;
				LD_RUNPATH_SEARCH_PATHS = "$(inherited) @executable_path/Frameworks";
				PRODUCT_BUNDLE_IDENTIFIER = CoderHG.MutableCoder;
				PRODUCT_NAME = "$(TARGET_NAME)";
				TARGETED_DEVICE_FAMILY = "1,2";
			};
			name = Debug;
		};
		519C149420790FA400D49F89 /* Release */ = {
			isa = XCBuildConfiguration;
			buildSettings = {
				ASSETCATALOG_COMPILER_APPICON_NAME = AppIcon;
				CODE_SIGN_STYLE = Automatic;
				DEVELOPMENT_TEAM = D8Y5E9ZUX3;
				HEADER_SEARCH_PATHS = "$(SRCROOT)/PlatformKit/PlatformKit/**";
				INFOPLIST_FILE = MutableCoder/Info.plist;
				LD_RUNPATH_SEARCH_PATHS = "$(inherited) @executable_path/Frameworks";
				PRODUCT_BUNDLE_IDENTIFIER = CoderHG.MutableCoder;
				PRODUCT_NAME = "$(TARGET_NAME)";
				TARGETED_DEVICE_FAMILY = "1,2";
			};
			name = Release;
		};
/* End XCBuildConfiguration section */

/* Begin XCConfigurationList section */
		519C147720790FA400D49F89 /* Build configuration list for PBXProject "MutableCoder" */ = {
			isa = XCConfigurationList;
			buildConfigurations = (
				519C149020790FA400D49F89 /* Debug */,
				519C149120790FA400D49F89 /* Release */,
			);
			defaultConfigurationIsVisible = 0;
			defaultConfigurationName = Release;
		};
		519C149220790FA400D49F89 /* Build configuration list for PBXNativeTarget "MutableCoder" */ = {
			isa = XCConfigurationList;
			buildConfigurations = (
				519C149320790FA400D49F89 /* Debug */,
				519C149420790FA400D49F89 /* Release */,
			);
			defaultConfigurationIsVisible = 0;
			defaultConfigurationName = Release;
		};
/* End XCConfigurationList section */
	};
	rootObject = 519C147420790FA400D49F89 /* Project object */;
}
